PODS:
  - Alamofire (4.9.1)
  - DZNEmptyDataSet (1.8.1)
  - SDWebImage (5.4.0):
    - SDWebImage/Core (= 5.4.0)
  - SDWebImage/Core (5.4.0)
  - SwiftyJSON (5.0.0)

DEPENDENCIES:
  - Alamofire
  - DZNEmptyDataSet
  - SDWebImage
  - SwiftyJSON

SPEC REPOS:
  trunk:
    - Alamofire
    - DZNEmptyDataSet
    - SDWebImage
    - SwiftyJSON

SPEC CHECKSUMS:
  Alamofire: 85e8a02c69d6020a0d734f6054870d7ecb75cf18
  DZNEmptyDataSet: 9525833b9e68ac21c30253e1d3d7076cc828eaa7
  SDWebImage: 5bf6aec6481ae2a062bdc59f9d6c1d1e552090e0
  SwiftyJSON: 36413e04c44ee145039d332b4f4e2d3e8d6c4db7

PODFILE CHECKSUM: 1898c3e61cdb7f2ba08576764b0de866e9c25f54

COCOAPODS: 1.8.4
