PODS:
  - Alamofire (4.9.1)
  - Crashlytics (3.14.0):
    - Fabric (~> 1.10.2)
  - DZNEmptyDataSet (1.8.1)
  - Fabric (1.10.2)
  - SDWebImage (5.4.0):
    - SDWebImage/Core (= 5.4.0)
  - SDWebImage/Core (5.4.0)
  - SwiftyJSON (5.0.0)

DEPENDENCIES:
  - Alamofire
  - Crashlytics
  - DZNEmptyDataSet
  - Fabric
  - SDWebImage
  - SwiftyJSON

SPEC REPOS:
  trunk:
    - Alamofire
    - Crashlytics
    - DZNEmptyDataSet
    - Fabric
    - SDWebImage
    - SwiftyJSON

SPEC CHECKSUMS:
  Alamofire: 85e8a02c69d6020a0d734f6054870d7ecb75cf18
  Crashlytics: 540b7e5f5da5a042647227a5e3ac51d85eed06df
  DZNEmptyDataSet: 9525833b9e68ac21c30253e1d3d7076cc828eaa7
  Fabric: 706c8b8098fff96c33c0db69cbf81f9c551d0d74
  SDWebImage: 5bf6aec6481ae2a062bdc59f9d6c1d1e552090e0
  SwiftyJSON: 36413e04c44ee145039d332b4f4e2d3e8d6c4db7

PODFILE CHECKSUM: 0694a86b308219899ff68aad1d4accd46e03a515

COCOAPODS: 1.8.4
